// !$*UTF8*$!
{
	archiveVersion = 1;
	classes = {
	};
	objectVersion = 48;
	objects = {

/* Begin PBXBuildFile section */
		7F625A00C71B8EBFC1F534B7 /* Pods_Crypto_Tycoon.framework in Frameworks */ = {isa = PBXBuildFile; fileRef = 3D55814AF5569A652250C718 /* Pods_Crypto_Tycoon.framework */; };
		AA93E3581FECBDC9004BD3F1 /* AppDelegate.swift in Sources */ = {isa = PBXBuildFile; fileRef = AA93E3571FECBDC9004BD3F1 /* AppDelegate.swift */; };
		AA93E35A1FECBDC9004BD3F1 /* ViewController.swift in Sources */ = {isa = PBXBuildFile; fileRef = AA93E3591FECBDC9004BD3F1 /* ViewController.swift */; };
		AA93E35D1FECBDC9004BD3F1 /* Main.storyboard in Resources */ = {isa = PBXBuildFile; fileRef = AA93E35B1FECBDC9004BD3F1 /* Main.storyboard */; };
		AA93E35F1FECBDC9004BD3F1 /* Assets.xcassets in Resources */ = {isa = PBXBuildFile; fileRef = AA93E35E1FECBDC9004BD3F1 /* Assets.xcassets */; };
		AA93E3621FECBDC9004BD3F1 /* LaunchScreen.storyboard in Resources */ = {isa = PBXBuildFile; fileRef = AA93E3601FECBDC9004BD3F1 /* LaunchScreen.storyboard */; };
/* End PBXBuildFile section */

/* Begin PBXFileReference section */
		3D55814AF5569A652250C718 /* Pods_Crypto_Tycoon.framework */ = {isa = PBXFileReference; explicitFileType = wrapper.framework; includeInIndex = 0; path = Pods_Crypto_Tycoon.framework; sourceTree = BUILT_PRODUCTS_DIR; };
		4E9E48A0A2FD5F05096D25E3 /* Pods-Crypto Tycoon.debug.xcconfig */ = {isa = PBXFileReference; includeInIndex = 1; lastKnownFileType = text.xcconfig; name = "Pods-Crypto Tycoon.debug.xcconfig"; path = "Pods/Target Support Files/Pods-Crypto Tycoon/Pods-Crypto Tycoon.debug.xcconfig"; sourceTree = "<group>"; };
		AA93E3541FECBDC9004BD3F1 /* Crypto Tycoon.app */ = {isa = PBXFileReference; explicitFileType = wrapper.application; includeInIndex = 0; path = "Crypto Tycoon.app"; sourceTree = BUILT_PRODUCTS_DIR; };
		AA93E3571FECBDC9004BD3F1 /* AppDelegate.swift */ = {isa = PBXFileReference; lastKnownFileType = sourcecode.swift; path = AppDelegate.swift; sourceTree = "<group>"; };
		AA93E3591FECBDC9004BD3F1 /* ViewController.swift */ = {isa = PBXFileReference; lastKnownFileType = sourcecode.swift; path = ViewController.swift; sourceTree = "<group>"; };
		AA93E35C1FECBDC9004BD3F1 /* Base */ = {isa = PBXFileReference; lastKnownFileType = file.storyboard; name = Base; path = Base.lproj/Main.storyboard; sourceTree = "<group>"; };
		AA93E35E1FECBDC9004BD3F1 /* Assets.xcassets */ = {isa = PBXFileReference; lastKnownFileType = folder.assetcatalog; path = Assets.xcassets; sourceTree = "<group>"; };
		AA93E3611FECBDC9004BD3F1 /* Base */ = {isa = PBXFileReference; lastKnownFileType = file.storyboard; name = Base; path = Base.lproj/LaunchScreen.storyboard; sourceTree = "<group>"; };
		AA93E3631FECBDC9004BD3F1 /* Info.plist */ = {isa = PBXFileReference; lastKnownFileType = text.plist.xml; path = Info.plist; sourceTree = "<group>"; };
		AEB1B4CCD15CA854288D08EE /* Pods-Crypto Tycoon.release.xcconfig */ = {isa = PBXFileReference; includeInIndex = 1; lastKnownFileType = text.xcconfig; name = "Pods-Crypto Tycoon.release.xcconfig"; path = "Pods/Target Support Files/Pods-Crypto Tycoon/Pods-Crypto Tycoon.release.xcconfig"; sourceTree = "<group>"; };
/* End PBXFileReference section */

/* Begin PBXFrameworksBuildPhase section */
		AA93E3511FECBDC9004BD3F1 /* Frameworks */ = {
			isa = PBXFrameworksBuildPhase;
			buildActionMask = 2147483647;
			files = (
				7F625A00C71B8EBFC1F534B7 /* Pods_Crypto_Tycoon.framework in Frameworks */,
			);
			runOnlyForDeploymentPostprocessing = 0;
		};
/* End PBXFrameworksBuildPhase section */

/* Begin PBXGroup section */
		4F0A6CDE201568AA46B95F00 /* Pods */ = {
			isa = PBXGroup;
			children = (
				4E9E48A0A2FD5F05096D25E3 /* Pods-Crypto Tycoon.debug.xcconfig */,
				AEB1B4CCD15CA854288D08EE /* Pods-Crypto Tycoon.release.xcconfig */,
			);
			name = Pods;
			sourceTree = "<group>";
		};
		AA93E34B1FECBDC9004BD3F1 = {
			isa = PBXGroup;
			children = (
				AA93E3561FECBDC9004BD3F1 /* Crypto Tycoon */,
				AA93E3551FECBDC9004BD3F1 /* Products */,
				4F0A6CDE201568AA46B95F00 /* Pods */,
				CF1A7A1943698BE11FDDB563 /* Frameworks */,
			);
			sourceTree = "<group>";
		};
		AA93E3551FECBDC9004BD3F1 /* Products */ = {
			isa = PBXGroup;
			children = (
				AA93E3541FECBDC9004BD3F1 /* Crypto Tycoon.app */,
			);
			name = Products;
			sourceTree = "<group>";
		};
		AA93E3561FECBDC9004BD3F1 /* Crypto Tycoon */ = {
			isa = PBXGroup;
			children = (
				AA93E3571FECBDC9004BD3F1 /* AppDelegate.swift */,
				AA93E3591FECBDC9004BD3F1 /* ViewController.swift */,
				AA93E35B1FECBDC9004BD3F1 /* Main.storyboard */,
				AA93E35E1FECBDC9004BD3F1 /* Assets.xcassets */,
				AA93E3601FECBDC9004BD3F1 /* LaunchScreen.storyboard */,
				AA93E3631FECBDC9004BD3F1 /* Info.plist */,
			);
			path = "Crypto Tycoon";
			sourceTree = "<group>";
		};
		CF1A7A1943698BE11FDDB563 /* Frameworks */ = {
			isa = PBXGroup;
			children = (
				3D55814AF5569A652250C718 /* Pods_Crypto_Tycoon.framework */,
			);
			name = Frameworks;
			sourceTree = "<group>";
		};
/* End PBXGroup section */

/* Begin PBXNativeTarget section */
		AA93E3531FECBDC9004BD3F1 /* Crypto Tycoon */ = {
			isa = PBXNativeTarget;
			buildConfigurationList = AA93E3661FECBDC9004BD3F1 /* Build configuration list for PBXNativeTarget "Crypto Tycoon" */;
			buildPhases = (
				5F12CAD49F8ED1E17DEF3247 /* [CP] Check Pods Manifest.lock */,
				AA93E3501FECBDC9004BD3F1 /* Sources */,
				AA93E3511FECBDC9004BD3F1 /* Frameworks */,
				AA93E3521FECBDC9004BD3F1 /* Resources */,
				D503E8889E1B69804A1667D8 /* [CP] Embed Pods Frameworks */,
				FDB77725A984B85E56603A48 /* [CP] Copy Pods Resources */,
			);
			buildRules = (
			);
			dependencies = (
			);
			name = "Crypto Tycoon";
			productName = "Crypto Tycoon";
			productReference = AA93E3541FECBDC9004BD3F1 /* Crypto Tycoon.app */;
			productType = "com.apple.product-type.application";
		};
/* End PBXNativeTarget section */

/* Begin PBXProject section */
		AA93E34C1FECBDC9004BD3F1 /* Project object */ = {
			isa = PBXProject;
			attributes = {
				LastSwiftUpdateCheck = 0920;
				LastUpgradeCheck = 0920;
				ORGANIZATIONNAME = "Ethan Barker";
				TargetAttributes = {
					AA93E3531FECBDC9004BD3F1 = {
						CreatedOnToolsVersion = 9.2;
						ProvisioningStyle = Automatic;
					};
				};
			};
			buildConfigurationList = AA93E34F1FECBDC9004BD3F1 /* Build configuration list for PBXProject "Crypto Tycoon" */;
			compatibilityVersion = "Xcode 8.0";
			developmentRegion = en;
			hasScannedForEncodings = 0;
			knownRegions = (
				en,
				Base,
			);
			mainGroup = AA93E34B1FECBDC9004BD3F1;
			productRefGroup = AA93E3551FECBDC9004BD3F1 /* Products */;
			projectDirPath = "";
			projectRoot = "";
			targets = (
				AA93E3531FECBDC9004BD3F1 /* Crypto Tycoon */,
			);
		};
/* End PBXProject section */

/* Begin PBXResourcesBuildPhase section */
		AA93E3521FECBDC9004BD3F1 /* Resources */ = {
			isa = PBXResourcesBuildPhase;
			buildActionMask = 2147483647;
			files = (
				AA93E3621FECBDC9004BD3F1 /* LaunchScreen.storyboard in Resources */,
				AA93E35F1FECBDC9004BD3F1 /* Assets.xcassets in Resources */,
				AA93E35D1FECBDC9004BD3F1 /* Main.storyboard in Resources */,
			);
			runOnlyForDeploymentPostprocessing = 0;
		};
/* End PBXResourcesBuildPhase section */

/* Begin PBXShellScriptBuildPhase section */
		5F12CAD49F8ED1E17DEF3247 /* [CP] Check Pods Manifest.lock */ = {
			isa = PBXShellScriptBuildPhase;
			buildActionMask = 2147483647;
			files = (
			);
			inputPaths = (
				"${PODS_PODFILE_DIR_PATH}/Podfile.lock",
				"${PODS_ROOT}/Manifest.lock",
			);
			name = "[CP] Check Pods Manifest.lock";
			outputPaths = (
				"$(DERIVED_FILE_DIR)/Pods-Crypto Tycoon-checkManifestLockResult.txt",
			);
			runOnlyForDeploymentPostprocessing = 0;
			shellPath = /bin/sh;
			shellScript = "diff \"${PODS_PODFILE_DIR_PATH}/Podfile.lock\" \"${PODS_ROOT}/Manifest.lock\" > /dev/null\nif [ $? != 0 ] ; then\n    # print error to STDERR\n    echo \"error: The sandbox is not in sync with the Podfile.lock. Run 'pod install' or update your CocoaPods installation.\" >&2\n    exit 1\nfi\n# This output is used by Xcode 'outputs' to avoid re-running this script phase.\necho \"SUCCESS\" > \"${SCRIPT_OUTPUT_FILE_0}\"\n";
			showEnvVarsInLog = 0;
		};
		D503E8889E1B69804A1667D8 /* [CP] Embed Pods Frameworks */ = {
			isa = PBXShellScriptBuildPhase;
			buildActionMask = 2147483647;
			files = (
			);
			inputPaths = (
				"${SRCROOT}/Pods/Target Support Files/Pods-Crypto Tycoon/Pods-Crypto Tycoon-frameworks.sh",
				"${BUILT_PRODUCTS_DIR}/Charts/Charts.framework",
				"${BUILT_PRODUCTS_DIR}/CryptoCurrencyKit/CryptoCurrencyKit.framework",
			);
			name = "[CP] Embed Pods Frameworks";
			outputPaths = (
				"${TARGET_BUILD_DIR}/${FRAMEWORKS_FOLDER_PATH}/Charts.framework",
				"${TARGET_BUILD_DIR}/${FRAMEWORKS_FOLDER_PATH}/CryptoCurrencyKit.framework",
			);
			runOnlyForDeploymentPostprocessing = 0;
			shellPath = /bin/sh;
			shellScript = "\"${SRCROOT}/Pods/Target Support Files/Pods-Crypto Tycoon/Pods-Crypto Tycoon-frameworks.sh\"\n";
			showEnvVarsInLog = 0;
		};
		FDB77725A984B85E56603A48 /* [CP] Copy Pods Resources */ = {
			isa = PBXShellScriptBuildPhase;
			buildActionMask = 2147483647;
			files = (
			);
			inputPaths = (
			);
			name = "[CP] Copy Pods Resources";
			outputPaths = (
			);
			runOnlyForDeploymentPostprocessing = 0;
			shellPath = /bin/sh;
			shellScript = "\"${SRCROOT}/Pods/Target Support Files/Pods-Crypto Tycoon/Pods-Crypto Tycoon-resources.sh\"\n";
			showEnvVarsInLog = 0;
		};
/* End PBXShellScriptBuildPhase section */

/* Begin PBXSourcesBuildPhase section */
		AA93E3501FECBDC9004BD3F1 /* Sources */ = {
			isa = PBXSourcesBuildPhase;
			buildActionMask = 2147483647;
			files = (
				AA93E35A1FECBDC9004BD3F1 /* ViewController.swift in Sources */,
				AA93E3581FECBDC9004BD3F1 /* AppDelegate.swift in Sources */,
			);
			runOnlyForDeploymentPostprocessing = 0;
		};
/* End PBXSourcesBuildPhase section */

/* Begin PBXVariantGroup section */
		AA93E35B1FECBDC9004BD3F1 /* Main.storyboard */ = {
			isa = PBXVariantGroup;
			children = (
				AA93E35C1FECBDC9004BD3F1 /* Base */,
			);
			name = Main.storyboard;
			sourceTree = "<group>";
		};
		AA93E3601FECBDC9004BD3F1 /* LaunchScreen.storyboard */ = {
			isa = PBXVariantGroup;
			children = (
				AA93E3611FECBDC9004BD3F1 /* Base */,
			);
			name = LaunchScreen.storyboard;
			sourceTree = "<group>";
		};
/* End PBXVariantGroup section */

/* Begin XCBuildConfiguration section */
		AA93E3641FECBDC9004BD3F1 /* Debug */ = {
			isa = XCBuildConfiguration;
			buildSettings = {
				ALWAYS_SEARCH_USER_PATHS = NO;
				CLANG_ANALYZER_NONNULL = YES;
				CLANG_ANALYZER_NUMBER_OBJECT_CONVERSION = YES_AGGRESSIVE;
				CLANG_CXX_LANGUAGE_STANDARD = "gnu++14";
				CLANG_CXX_LIBRARY = "libc++";
				CLANG_ENABLE_MODULES = YES;
				CLANG_ENABLE_OBJC_ARC = YES;
				CLANG_WARN_BLOCK_CAPTURE_AUTORELEASING = YES;
				CLANG_WARN_BOOL_CONVERSION = YES;
				CLANG_WARN_COMMA = YES;
				CLANG_WARN_CONSTANT_CONVERSION = YES;
				CLANG_WARN_DIRECT_OBJC_ISA_USAGE = YES_ERROR;
				CLANG_WARN_DOCUMENTATION_COMMENTS = YES;
				CLANG_WARN_EMPTY_BODY = YES;
				CLANG_WARN_ENUM_CONVERSION = YES;
				CLANG_WARN_INFINITE_RECURSION = YES;
				CLANG_WARN_INT_CONVERSION = YES;
				CLANG_WARN_NON_LITERAL_NULL_CONVERSION = YES;
				CLANG_WARN_OBJC_LITERAL_CONVERSION = YES;
				CLANG_WARN_OBJC_ROOT_CLASS = YES_ERROR;
				CLANG_WARN_RANGE_LOOP_ANALYSIS = YES;
				CLANG_WARN_STRICT_PROTOTYPES = YES;
				CLANG_WARN_SUSPICIOUS_MOVE = YES;
				CLANG_WARN_UNGUARDED_AVAILABILITY = YES_AGGRESSIVE;
				CLANG_WARN_UNREACHABLE_CODE = YES;
				CLANG_WARN__DUPLICATE_METHOD_MATCH = YES;
				CODE_SIGN_IDENTITY = "iPhone Developer";
				COPY_PHASE_STRIP = NO;
				DEBUG_INFORMATION_FORMAT = dwarf;
				ENABLE_STRICT_OBJC_MSGSEND = YES;
				ENABLE_TESTABILITY = YES;
				GCC_C_LANGUAGE_STANDARD = gnu11;
				GCC_DYNAMIC_NO_PIC = NO;
				GCC_NO_COMMON_BLOCKS = YES;
				GCC_OPTIMIZATION_LEVEL = 0;
				GCC_PREPROCESSOR_DEFINITIONS = (
					"DEBUG=1",
					"$(inherited)",
				);
				GCC_WARN_64_TO_32_BIT_CONVERSION = YES;
				GCC_WARN_ABOUT_RETURN_TYPE = YES_ERROR;
				GCC_WARN_UNDECLARED_SELECTOR = YES;
				GCC_WARN_UNINITIALIZED_AUTOS = YES_AGGRESSIVE;
				GCC_WARN_UNUSED_FUNCTION = YES;
				GCC_WARN_UNUSED_VARIABLE = YES;
				IPHONEOS_DEPLOYMENT_TARGET = 11.2;
				MTL_ENABLE_DEBUG_INFO = YES;
				ONLY_ACTIVE_ARCH = YES;
				SDKROOT = iphoneos;
				SWIFT_ACTIVE_COMPILATION_CONDITIONS = DEBUG;
				SWIFT_OPTIMIZATION_LEVEL = "-Onone";
			};
			name = Debug;
		};
		AA93E3651FECBDC9004BD3F1 /* Release */ = {
			isa = XCBuildConfiguration;
			buildSettings = {
				ALWAYS_SEARCH_USER_PATHS = NO;
				CLANG_ANALYZER_NONNULL = YES;
				CLANG_ANALYZER_NUMBER_OBJECT_CONVERSION = YES_AGGRESSIVE;
				CLANG_CXX_LANGUAGE_STANDARD = "gnu++14";
				CLANG_CXX_LIBRARY = "libc++";
				CLANG_ENABLE_MODULES = YES;
				CLANG_ENABLE_OBJC_ARC = YES;
				CLANG_WARN_BLOCK_CAPTURE_AUTORELEASING = YES;
				CLANG_WARN_BOOL_CONVERSION = YES;
				CLANG_WARN_COMMA = YES;
				CLANG_WARN_CONSTANT_CONVERSION = YES;
				CLANG_WARN_DIRECT_OBJC_ISA_USAGE = YES_ERROR;
				CLANG_WARN_DOCUMENTATION_COMMENTS = YES;
				CLANG_WARN_EMPTY_BODY = YES;
				CLANG_WARN_ENUM_CONVERSION = YES;
				CLANG_WARN_INFINITE_RECURSION = YES;
				CLANG_WARN_INT_CONVERSION = YES;
				CLANG_WARN_NON_LITERAL_NULL_CONVERSION = YES;
				CLANG_WARN_OBJC_LITERAL_CONVERSION = YES;
				CLANG_WARN_OBJC_ROOT_CLASS = YES_ERROR;
				CLANG_WARN_RANGE_LOOP_ANALYSIS = YES;
				CLANG_WARN_STRICT_PROTOTYPES = YES;
				CLANG_WARN_SUSPICIOUS_MOVE = YES;
				CLANG_WARN_UNGUARDED_AVAILABILITY = YES_AGGRESSIVE;
				CLANG_WARN_UNREACHABLE_CODE = YES;
				CLANG_WARN__DUPLICATE_METHOD_MATCH = YES;
				CODE_SIGN_IDENTITY = "iPhone Developer";
				COPY_PHASE_STRIP = NO;
				DEBUG_INFORMATION_FORMAT = "dwarf-with-dsym";
				ENABLE_NS_ASSERTIONS = NO;
				ENABLE_STRICT_OBJC_MSGSEND = YES;
				GCC_C_LANGUAGE_STANDARD = gnu11;
				GCC_NO_COMMON_BLOCKS = YES;
				GCC_WARN_64_TO_32_BIT_CONVERSION = YES;
				GCC_WARN_ABOUT_RETURN_TYPE = YES_ERROR;
				GCC_WARN_UNDECLARED_SELECTOR = YES;
				GCC_WARN_UNINITIALIZED_AUTOS = YES_AGGRESSIVE;
				GCC_WARN_UNUSED_FUNCTION = YES;
				GCC_WARN_UNUSED_VARIABLE = YES;
				IPHONEOS_DEPLOYMENT_TARGET = 11.2;
				MTL_ENABLE_DEBUG_INFO = NO;
				SDKROOT = iphoneos;
				SWIFT_OPTIMIZATION_LEVEL = "-Owholemodule";
				VALIDATE_PRODUCT = YES;
			};
			name = Release;
		};
		AA93E3671FECBDC9004BD3F1 /* Debug */ = {
			isa = XCBuildConfiguration;
			baseConfigurationReference = 4E9E48A0A2FD5F05096D25E3 /* Pods-Crypto Tycoon.debug.xcconfig */;
			buildSettings = {
				ASSETCATALOG_COMPILER_APPICON_NAME = AppIcon;
				CODE_SIGN_STYLE = Automatic;
				DEVELOPMENT_TEAM = 6N6526VUKL;
				INFOPLIST_FILE = "Crypto Tycoon/Info.plist";
				IPHONEOS_DEPLOYMENT_TARGET = 10.1;
				LD_RUNPATH_SEARCH_PATHS = "$(inherited) @executable_path/Frameworks";
				PRODUCT_BUNDLE_IDENTIFIER = "io.ethanbar.github.Crypto-Tycoon";
				PRODUCT_NAME = "$(TARGET_NAME)";
				SWIFT_VERSION = 4.0;
				TARGETED_DEVICE_FAMILY = "1,2";
			};
			name = Debug;
		};
		AA93E3681FECBDC9004BD3F1 /* Release */ = {
			isa = XCBuildConfiguration;
			baseConfigurationReference = AEB1B4CCD15CA854288D08EE /* Pods-Crypto Tycoon.release.xcconfig */;
			buildSettings = {
				ASSETCATALOG_COMPILER_APPICON_NAME = AppIcon;
				CODE_SIGN_STYLE = Automatic;
				DEVELOPMENT_TEAM = 6N6526VUKL;
				INFOPLIST_FILE = "Crypto Tycoon/Info.plist";
				IPHONEOS_DEPLOYMENT_TARGET = 10.1;
				LD_RUNPATH_SEARCH_PATHS = "$(inherited) @executable_path/Frameworks";
				PRODUCT_BUNDLE_IDENTIFIER = "io.ethanbar.github.Crypto-Tycoon";
				PRODUCT_NAME = "$(TARGET_NAME)";
				SWIFT_VERSION = 4.0;
				TARGETED_DEVICE_FAMILY = "1,2";
			};
			name = Release;
		};
/* End XCBuildConfiguration section */

/* Begin XCConfigurationList section */
		AA93E34F1FECBDC9004BD3F1 /* Build configuration list for PBXProject "Crypto Tycoon" */ = {
			isa = XCConfigurationList;
			buildConfigurations = (
				AA93E3641FECBDC9004BD3F1 /* Debug */,
				AA93E3651FECBDC9004BD3F1 /* Release */,
			);
			defaultConfigurationIsVisible = 0;
			defaultConfigurationName = Release;
		};
		AA93E3661FECBDC9004BD3F1 /* Build configuration list for PBXNativeTarget "Crypto Tycoon" */ = {
			isa = XCConfigurationList;
			buildConfigurations = (
				AA93E3671FECBDC9004BD3F1 /* Debug */,
				AA93E3681FECBDC9004BD3F1 /* Release */,
			);
			defaultConfigurationIsVisible = 0;
			defaultConfigurationName = Release;
		};
/* End XCConfigurationList section */
	};
	rootObject = AA93E34C1FECBDC9004BD3F1 /* Project object */;
}
